
Microsoft Visual Studio Solution File, Format Version 12.00
# Visual Studio Version 17
VisualStudioVersion = 17.7.34024.191
MinimumVisualStudioVersion = 10.0.40219.1
Project("{FAE04EC0-301F-11D3-BF4B-00C04F79EFBC}") = "Sharp_Class3", "Sharp_Class3.csproj", "{866F8E48-D600-4EC6-BFA4-A92DFE85AD31}"
EndProject
Global
	GlobalSection(SolutionConfigurationPlatforms) = preSolution
		Debug|Any CPU = Debug|Any CPU
		Release|Any CPU = Release|Any CPU
	EndGlobalSection
	GlobalSection(ProjectConfigurationPlatforms) = postSolution
		{866F8E48-D600-4EC6-BFA4-A92DFE85AD31}.Debug|Any CPU.ActiveCfg = Debug|Any CPU
		{866F8E48-D600-4EC6-BFA4-A92DFE85AD31}.Debug|Any CPU.Build.0 = Debug|Any CPU
		{866F8E48-D600-4EC6-BFA4-A92DFE85AD31}.Release|Any CPU.ActiveCfg = Release|Any CPU
		{866F8E48-D600-4EC6-BFA4-A92DFE85AD31}.Release|Any CPU.Build.0 = Release|Any CPU
	EndGlobalSection
	GlobalSection(SolutionProperties) = preSolution
		HideSolutionNode = FALSE
	EndGlobalSection
	GlobalSection(ExtensibilityGlobals) = postSolution
		SolutionGuid = {0E3688CF-B6A7-4184-A504-F98868488C33}
	EndGlobalSection
EndGlobal
